
Microsoft Visual Studio Solution File, Format Version 12.00
# Visual Studio Version 16
VisualStudioVersion = 16.0.37327.17
MinimumVisualStudioVersion = 10.0.40219.1
Project("{FAE04EC0-301F-11D3-BF4B-00C04F79EFBC}") = "project1", "project1.csproj", "{E3AA4088-DFC3-4623-8B34-1FE43AD150B9}"
EndProject
Global
	GlobalSection(SolutionConfigurationPlatforms) = preSolution
		Debug|Any CPU = Debug|Any CPU
		Release|Any CPU = Release|Any CPU
	EndGlobalSection
	GlobalSection(ProjectConfigurationPlatforms) = postSolution
		{E3AA4088-DFC3-4623-8B34-1FE43AD150B9}.Debug|Any CPU.ActiveCfg = Debug|Any CPU
		{E3AA4088-DFC3-4623-8B34-1FE43AD150B9}.Debug|Any CPU.Build.0 = Debug|Any CPU
		{E3AA4088-DFC3-4623-8B34-1FE43AD150B9}.Release|Any CPU.ActiveCfg = Release|Any CPU
		{E3AA4088-DFC3-4623-8B34-1FE43AD150B9}.Release|Any CPU.Build.0 = Release|Any CPU
	EndGlobalSection
	GlobalSection(SolutionProperties) = preSolution
		HideSolutionNode = FALSE
	EndGlobalSection
	GlobalSection(ExtensibilityGlobals) = postSolution
		SolutionGuid = {D3DF0B65-E67A-4FB4-845E-81437AF03052}
	EndGlobalSection
EndGlobal
